// !$*UTF8*$!
{
	archiveVersion = 1;
	classes = {
	};
	objectVersion = 53;
	objects = {

/* Begin PBXBuildFile section */
		403D9EE92A94496400F278F2 /* Silica.h in Headers */ = {isa = PBXBuildFile; fileRef = 403D9EE82A94496400F278F2 /* Silica.h */; };
		404B0FFA1800EBE300309019 /* Carbon.framework in Frameworks */ = {isa = PBXBuildFile; fileRef = 404B0FF91800EBE300309019 /* Carbon.framework */; };
		4063AFDA17FB937A00E942E2 /* SISystemWideElement.h in Headers */ = {isa = PBXBuildFile; fileRef = 4063AFD817FB937A00E942E2 /* SISystemWideElement.h */; settings = {ATTRIBUTES = (Public, ); }; };
		4063AFDB17FB937A00E942E2 /* SISystemWideElement.m in Sources */ = {isa = PBXBuildFile; fileRef = 4063AFD917FB937A00E942E2 /* SISystemWideElement.m */; };
		40AE16152A93A99700E14536 /* CGSTile.h in Headers */ = {isa = PBXBuildFile; fileRef = 40AE16002A93A99700E14536 /* CGSTile.h */; };
		40AE16162A93A99700E14536 /* CGSSurface.h in Headers */ = {isa = PBXBuildFile; fileRef = 40AE16012A93A99700E14536 /* CGSSurface.h */; };
		40AE16172A93A99700E14536 /* CGSTransitions.h in Headers */ = {isa = PBXBuildFile; fileRef = 40AE16022A93A99700E14536 /* CGSTransitions.h */; };
		40AE16182A93A99700E14536 /* CGSRegion.h in Headers */ = {isa = PBXBuildFile; fileRef = 40AE16032A93A99700E14536 /* CGSRegion.h */; };
		40AE16192A93A99700E14536 /* CGSWorkspace.h in Headers */ = {isa = PBXBuildFile; fileRef = 40AE16042A93A99700E14536 /* CGSWorkspace.h */; };
		40AE161A2A93A99700E14536 /* CGSHotKeys.h in Headers */ = {isa = PBXBuildFile; fileRef = 40AE16052A93A99700E14536 /* CGSHotKeys.h */; };
		40AE161B2A93A99700E14536 /* CGSAccessibility.h in Headers */ = {isa = PBXBuildFile; fileRef = 40AE16062A93A99700E14536 /* CGSAccessibility.h */; };
		40AE161C2A93A99700E14536 /* CGSMisc.h in Headers */ = {isa = PBXBuildFile; fileRef = 40AE16072A93A99700E14536 /* CGSMisc.h */; };
		40AE161E2A93A99700E14536 /* CGSWindow.h in Headers */ = {isa = PBXBuildFile; fileRef = 40AE16092A93A99700E14536 /* CGSWindow.h */; };
		40AE161F2A93A99700E14536 /* CGSCursor.h in Headers */ = {isa = PBXBuildFile; fileRef = 40AE160A2A93A99700E14536 /* CGSCursor.h */; };
		40AE16212A93A99700E14536 /* CGSDisplays.h in Headers */ = {isa = PBXBuildFile; fileRef = 40AE160C2A93A99700E14536 /* CGSDisplays.h */; };
		40AE16222A93A99700E14536 /* CGSInternal.h in Headers */ = {isa = PBXBuildFile; fileRef = 40AE160D2A93A99700E14536 /* CGSInternal.h */; };
		40AE16232A93A99700E14536 /* CGSCIFilter.h in Headers */ = {isa = PBXBuildFile; fileRef = 40AE160E2A93A99700E14536 /* CGSCIFilter.h */; };
		40AE16242A93A99700E14536 /* CGSConnection.h in Headers */ = {isa = PBXBuildFile; fileRef = 40AE160F2A93A99700E14536 /* CGSConnection.h */; };
		40AE16252A93A99700E14536 /* CGSSession.h in Headers */ = {isa = PBXBuildFile; fileRef = 40AE16102A93A99700E14536 /* CGSSession.h */; };
		40AE16262A93A99700E14536 /* CGSDevice.h in Headers */ = {isa = PBXBuildFile; fileRef = 40AE16112A93A99700E14536 /* CGSDevice.h */; };
		40AE16272A93A99700E14536 /* CGSSpace.h in Headers */ = {isa = PBXBuildFile; fileRef = 40AE16122A93A99700E14536 /* CGSSpace.h */; };
		40AE16282A93A99700E14536 /* CGSEvent.h in Headers */ = {isa = PBXBuildFile; fileRef = 40AE16132A93A99700E14536 /* CGSEvent.h */; };
		40AE16292A93A99700E14536 /* CGSDebug.h in Headers */ = {isa = PBXBuildFile; fileRef = 40AE16142A93A99700E14536 /* CGSDebug.h */; };
		40AE162A2A93AA4700E14536 /* Foundation.framework in Frameworks */ = {isa = PBXBuildFile; fileRef = 942474BD17DF67D700BF9B61 /* Foundation.framework */; };
		40AE162C2A93AAB900E14536 /* ApplicationServices.framework in Frameworks */ = {isa = PBXBuildFile; fileRef = 40AE162B2A93AAB900E14536 /* ApplicationServices.framework */; };
		40FC6ACC17FA599C00856CE7 /* SIApplication.h in Headers */ = {isa = PBXBuildFile; fileRef = 40FC6ACA17FA599C00856CE7 /* SIApplication.h */; settings = {ATTRIBUTES = (Public, ); }; };
		40FC6ACD17FA599C00856CE7 /* SIApplication.m in Sources */ = {isa = PBXBuildFile; fileRef = 40FC6ACB17FA599C00856CE7 /* SIApplication.m */; };
		40FC6AD017FA5A1B00856CE7 /* SIAccessibilityElement.h in Headers */ = {isa = PBXBuildFile; fileRef = 40FC6ACE17FA5A1B00856CE7 /* SIAccessibilityElement.h */; settings = {ATTRIBUTES = (Public, ); }; };
		40FC6AD117FA5A1B00856CE7 /* SIAccessibilityElement.m in Sources */ = {isa = PBXBuildFile; fileRef = 40FC6ACF17FA5A1B00856CE7 /* SIAccessibilityElement.m */; };
		40FC6AD417FA606A00856CE7 /* NSRunningApplication+Silica.h in Headers */ = {isa = PBXBuildFile; fileRef = 40FC6AD217FA606A00856CE7 /* NSRunningApplication+Silica.h */; settings = {ATTRIBUTES = (Public, ); }; };
		40FC6AD517FA606A00856CE7 /* NSRunningApplication+Silica.m in Sources */ = {isa = PBXBuildFile; fileRef = 40FC6AD317FA606A00856CE7 /* NSRunningApplication+Silica.m */; };
		942474B917DF67D700BF9B61 /* Cocoa.framework in Frameworks */ = {isa = PBXBuildFile; fileRef = 942474B817DF67D700BF9B61 /* Cocoa.framework */; };
		942474C317DF67D700BF9B61 /* InfoPlist.strings in Resources */ = {isa = PBXBuildFile; fileRef = 942474C117DF67D700BF9B61 /* InfoPlist.strings */; };
		942474D217DF690700BF9B61 /* SIWindow.h in Headers */ = {isa = PBXBuildFile; fileRef = 942474CE17DF690700BF9B61 /* SIWindow.h */; settings = {ATTRIBUTES = (Public, ); }; };
		942474D317DF690700BF9B61 /* SIWindow.m in Sources */ = {isa = PBXBuildFile; fileRef = 942474CF17DF690700BF9B61 /* SIWindow.m */; };
		942474D417DF690700BF9B61 /* NSScreen+Silica.h in Headers */ = {isa = PBXBuildFile; fileRef = 942474D017DF690700BF9B61 /* NSScreen+Silica.h */; settings = {ATTRIBUTES = (Public, ); }; };
		942474D517DF690700BF9B61 /* NSScreen+Silica.m in Sources */ = {isa = PBXBuildFile; fileRef = 942474D117DF690700BF9B61 /* NSScreen+Silica.m */; };
		942474E417DF693600BF9B61 /* SIUniversalAccessHelper.h in Headers */ = {isa = PBXBuildFile; fileRef = 942474DE17DF693600BF9B61 /* SIUniversalAccessHelper.h */; settings = {ATTRIBUTES = (Public, ); }; };
		942474E517DF693600BF9B61 /* SIUniversalAccessHelper.m in Sources */ = {isa = PBXBuildFile; fileRef = 942474DF17DF693600BF9B61 /* SIUniversalAccessHelper.m */; };
		942474E717DF695A00BF9B61 /* IOKit.framework in Frameworks */ = {isa = PBXBuildFile; fileRef = 942474E617DF695A00BF9B61 /* IOKit.framework */; };
/* End PBXBuildFile section */

/* Begin PBXFileReference section */
		403D9EE82A94496400F278F2 /* Silica.h */ = {isa = PBXFileReference; fileEncoding = 4; lastKnownFileType = sourcecode.c.h; path = Silica.h; sourceTree = "<group>"; };
		404B0FF91800EBE300309019 /* Carbon.framework */ = {isa = PBXFileReference; lastKnownFileType = wrapper.framework; name = Carbon.framework; path = System/Library/Frameworks/Carbon.framework; sourceTree = SDKROOT; };
		4063AFD817FB937A00E942E2 /* SISystemWideElement.h */ = {isa = PBXFileReference; fileEncoding = 4; lastKnownFileType = sourcecode.c.h; path = SISystemWideElement.h; sourceTree = "<group>"; };
		4063AFD917FB937A00E942E2 /* SISystemWideElement.m */ = {isa = PBXFileReference; fileEncoding = 4; lastKnownFileType = sourcecode.c.objc; path = SISystemWideElement.m; sourceTree = "<group>"; };
		40AE16002A93A99700E14536 /* CGSTile.h */ = {isa = PBXFileReference; fileEncoding = 4; lastKnownFileType = sourcecode.c.h; path = CGSTile.h; sourceTree = "<group>"; };
		40AE16012A93A99700E14536 /* CGSSurface.h */ = {isa = PBXFileReference; fileEncoding = 4; lastKnownFileType = sourcecode.c.h; path = CGSSurface.h; sourceTree = "<group>"; };
		40AE16022A93A99700E14536 /* CGSTransitions.h */ = {isa = PBXFileReference; fileEncoding = 4; lastKnownFileType = sourcecode.c.h; path = CGSTransitions.h; sourceTree = "<group>"; };
		40AE16032A93A99700E14536 /* CGSRegion.h */ = {isa = PBXFileReference; fileEncoding = 4; lastKnownFileType = sourcecode.c.h; path = CGSRegion.h; sourceTree = "<group>"; };
		40AE16042A93A99700E14536 /* CGSWorkspace.h */ = {isa = PBXFileReference; fileEncoding = 4; lastKnownFileType = sourcecode.c.h; path = CGSWorkspace.h; sourceTree = "<group>"; };
		40AE16052A93A99700E14536 /* CGSHotKeys.h */ = {isa = PBXFileReference; fileEncoding = 4; lastKnownFileType = sourcecode.c.h; path = CGSHotKeys.h; sourceTree = "<group>"; };
		40AE16062A93A99700E14536 /* CGSAccessibility.h */ = {isa = PBXFileReference; fileEncoding = 4; lastKnownFileType = sourcecode.c.h; path = CGSAccessibility.h; sourceTree = "<group>"; };
		40AE16072A93A99700E14536 /* CGSMisc.h */ = {isa = PBXFileReference; fileEncoding = 4; lastKnownFileType = sourcecode.c.h; path = CGSMisc.h; sourceTree = "<group>"; };
		40AE16092A93A99700E14536 /* CGSWindow.h */ = {isa = PBXFileReference; fileEncoding = 4; lastKnownFileType = sourcecode.c.h; path = CGSWindow.h; sourceTree = "<group>"; };
		40AE160A2A93A99700E14536 /* CGSCursor.h */ = {isa = PBXFileReference; fileEncoding = 4; lastKnownFileType = sourcecode.c.h; path = CGSCursor.h; sourceTree = "<group>"; };
		40AE160C2A93A99700E14536 /* CGSDisplays.h */ = {isa = PBXFileReference; fileEncoding = 4; lastKnownFileType = sourcecode.c.h; path = CGSDisplays.h; sourceTree = "<group>"; };
		40AE160D2A93A99700E14536 /* CGSInternal.h */ = {isa = PBXFileReference; fileEncoding = 4; lastKnownFileType = sourcecode.c.h; path = CGSInternal.h; sourceTree = "<group>"; };
		40AE160E2A93A99700E14536 /* CGSCIFilter.h */ = {isa = PBXFileReference; fileEncoding = 4; lastKnownFileType = sourcecode.c.h; path = CGSCIFilter.h; sourceTree = "<group>"; };
		40AE160F2A93A99700E14536 /* CGSConnection.h */ = {isa = PBXFileReference; fileEncoding = 4; lastKnownFileType = sourcecode.c.h; path = CGSConnection.h; sourceTree = "<group>"; };
		40AE16102A93A99700E14536 /* CGSSession.h */ = {isa = PBXFileReference; fileEncoding = 4; lastKnownFileType = sourcecode.c.h; path = CGSSession.h; sourceTree = "<group>"; };
		40AE16112A93A99700E14536 /* CGSDevice.h */ = {isa = PBXFileReference; fileEncoding = 4; lastKnownFileType = sourcecode.c.h; path = CGSDevice.h; sourceTree = "<group>"; };
		40AE16122A93A99700E14536 /* CGSSpace.h */ = {isa = PBXFileReference; fileEncoding = 4; lastKnownFileType = sourcecode.c.h; path = CGSSpace.h; sourceTree = "<group>"; };
		40AE16132A93A99700E14536 /* CGSEvent.h */ = {isa = PBXFileReference; fileEncoding = 4; lastKnownFileType = sourcecode.c.h; path = CGSEvent.h; sourceTree = "<group>"; };
		40AE16142A93A99700E14536 /* CGSDebug.h */ = {isa = PBXFileReference; fileEncoding = 4; lastKnownFileType = sourcecode.c.h; path = CGSDebug.h; sourceTree = "<group>"; };
		40AE162B2A93AAB900E14536 /* ApplicationServices.framework */ = {isa = PBXFileReference; lastKnownFileType = wrapper.framework; name = ApplicationServices.framework; path = System/Library/Frameworks/ApplicationServices.framework; sourceTree = SDKROOT; };
		40FC6ACA17FA599C00856CE7 /* SIApplication.h */ = {isa = PBXFileReference; fileEncoding = 4; lastKnownFileType = sourcecode.c.h; path = SIApplication.h; sourceTree = "<group>"; };
		40FC6ACB17FA599C00856CE7 /* SIApplication.m */ = {isa = PBXFileReference; fileEncoding = 4; lastKnownFileType = sourcecode.c.objc; path = SIApplication.m; sourceTree = "<group>"; };
		40FC6ACE17FA5A1B00856CE7 /* SIAccessibilityElement.h */ = {isa = PBXFileReference; fileEncoding = 4; lastKnownFileType = sourcecode.c.h; path = SIAccessibilityElement.h; sourceTree = "<group>"; };
		40FC6ACF17FA5A1B00856CE7 /* SIAccessibilityElement.m */ = {isa = PBXFileReference; fileEncoding = 4; lastKnownFileType = sourcecode.c.objc; path = SIAccessibilityElement.m; sourceTree = "<group>"; };
		40FC6AD217FA606A00856CE7 /* NSRunningApplication+Silica.h */ = {isa = PBXFileReference; fileEncoding = 4; lastKnownFileType = sourcecode.c.h; path = "NSRunningApplication+Silica.h"; sourceTree = "<group>"; };
		40FC6AD317FA606A00856CE7 /* NSRunningApplication+Silica.m */ = {isa = PBXFileReference; fileEncoding = 4; lastKnownFileType = sourcecode.c.objc; path = "NSRunningApplication+Silica.m"; sourceTree = "<group>"; };
		942474B517DF67D700BF9B61 /* Silica.framework */ = {isa = PBXFileReference; explicitFileType = wrapper.framework; includeInIndex = 0; path = Silica.framework; sourceTree = BUILT_PRODUCTS_DIR; };
		942474B817DF67D700BF9B61 /* Cocoa.framework */ = {isa = PBXFileReference; lastKnownFileType = wrapper.framework; name = Cocoa.framework; path = System/Library/Frameworks/Cocoa.framework; sourceTree = SDKROOT; };
		942474BB17DF67D700BF9B61 /* AppKit.framework */ = {isa = PBXFileReference; lastKnownFileType = wrapper.framework; name = AppKit.framework; path = System/Library/Frameworks/AppKit.framework; sourceTree = SDKROOT; };
		942474BC17DF67D700BF9B61 /* CoreData.framework */ = {isa = PBXFileReference; lastKnownFileType = wrapper.framework; name = CoreData.framework; path = System/Library/Frameworks/CoreData.framework; sourceTree = SDKROOT; };
		942474BD17DF67D700BF9B61 /* Foundation.framework */ = {isa = PBXFileReference; lastKnownFileType = wrapper.framework; name = Foundation.framework; path = System/Library/Frameworks/Foundation.framework; sourceTree = SDKROOT; };
		942474C017DF67D700BF9B61 /* Silica-Info.plist */ = {isa = PBXFileReference; lastKnownFileType = text.plist.xml; path = "Silica-Info.plist"; sourceTree = "<group>"; };
		942474C217DF67D700BF9B61 /* en */ = {isa = PBXFileReference; lastKnownFileType = text.plist.strings; name = en; path = en.lproj/InfoPlist.strings; sourceTree = "<group>"; };
		942474C417DF67D700BF9B61 /* Silica-Prefix.pch */ = {isa = PBXFileReference; lastKnownFileType = sourcecode.c.h; path = "Silica-Prefix.pch"; sourceTree = "<group>"; };
		942474CE17DF690700BF9B61 /* SIWindow.h */ = {isa = PBXFileReference; fileEncoding = 4; lastKnownFileType = sourcecode.c.h; path = SIWindow.h; sourceTree = "<group>"; };
		942474CF17DF690700BF9B61 /* SIWindow.m */ = {isa = PBXFileReference; fileEncoding = 4; lastKnownFileType = sourcecode.c.objc; path = SIWindow.m; sourceTree = "<group>"; };
		942474D017DF690700BF9B61 /* NSScreen+Silica.h */ = {isa = PBXFileReference; fileEncoding = 4; lastKnownFileType = sourcecode.c.h; path = "NSScreen+Silica.h"; sourceTree = "<group>"; };
		942474D117DF690700BF9B61 /* NSScreen+Silica.m */ = {isa = PBXFileReference; fileEncoding = 4; lastKnownFileType = sourcecode.c.objc; path = "NSScreen+Silica.m"; sourceTree = "<group>"; };
		942474DE17DF693600BF9B61 /* SIUniversalAccessHelper.h */ = {isa = PBXFileReference; fileEncoding = 4; lastKnownFileType = sourcecode.c.h; path = SIUniversalAccessHelper.h; sourceTree = "<group>"; };
		942474DF17DF693600BF9B61 /* SIUniversalAccessHelper.m */ = {isa = PBXFileReference; fileEncoding = 4; lastKnownFileType = sourcecode.c.objc; path = SIUniversalAccessHelper.m; sourceTree = "<group>"; };
		942474E617DF695A00BF9B61 /* IOKit.framework */ = {isa = PBXFileReference; lastKnownFileType = wrapper.framework; name = IOKit.framework; path = System/Library/Frameworks/IOKit.framework; sourceTree = SDKROOT; };
		B9247E988D3D43269A89E5D3 /* libPods.a */ = {isa = PBXFileReference; explicitFileType = archive.ar; includeInIndex = 0; path = libPods.a; sourceTree = BUILT_PRODUCTS_DIR; };
/* End PBXFileReference section */

/* Begin PBXFrameworksBuildPhase section */
		942474B117DF67D700BF9B61 /* Frameworks */ = {
			isa = PBXFrameworksBuildPhase;
			buildActionMask = 2147483647;
			files = (
				40AE162C2A93AAB900E14536 /* ApplicationServices.framework in Frameworks */,
				404B0FFA1800EBE300309019 /* Carbon.framework in Frameworks */,
				942474E717DF695A00BF9B61 /* IOKit.framework in Frameworks */,
				942474B917DF67D700BF9B61 /* Cocoa.framework in Frameworks */,
				40AE162A2A93AA4700E14536 /* Foundation.framework in Frameworks */,
			);
			runOnlyForDeploymentPostprocessing = 0;
		};
/* End PBXFrameworksBuildPhase section */

/* Begin PBXGroup section */
		40AE15F62A93A46F00E14536 /* Sources */ = {
			isa = PBXGroup;
			children = (
				40AE15FF2A93A99700E14536 /* CGSInternal */,
				40FC6AD217FA606A00856CE7 /* NSRunningApplication+Silica.h */,
				40FC6AD317FA606A00856CE7 /* NSRunningApplication+Silica.m */,
				942474D017DF690700BF9B61 /* NSScreen+Silica.h */,
				942474D117DF690700BF9B61 /* NSScreen+Silica.m */,
				40FC6ACE17FA5A1B00856CE7 /* SIAccessibilityElement.h */,
				40FC6ACF17FA5A1B00856CE7 /* SIAccessibilityElement.m */,
				40FC6ACA17FA599C00856CE7 /* SIApplication.h */,
				40FC6ACB17FA599C00856CE7 /* SIApplication.m */,
				4063AFD817FB937A00E942E2 /* SISystemWideElement.h */,
				4063AFD917FB937A00E942E2 /* SISystemWideElement.m */,
				942474DE17DF693600BF9B61 /* SIUniversalAccessHelper.h */,
				942474DF17DF693600BF9B61 /* SIUniversalAccessHelper.m */,
				942474CE17DF690700BF9B61 /* SIWindow.h */,
				942474CF17DF690700BF9B61 /* SIWindow.m */,
			);
			path = Sources;
			sourceTree = "<group>";
		};
		40AE15FB2A93A83900E14536 /* include */ = {
			isa = PBXGroup;
			children = (
			);
			path = include;
			sourceTree = "<group>";
		};
		40AE15FF2A93A99700E14536 /* CGSInternal */ = {
			isa = PBXGroup;
			children = (
				40AE16002A93A99700E14536 /* CGSTile.h */,
				40AE16012A93A99700E14536 /* CGSSurface.h */,
				40AE16022A93A99700E14536 /* CGSTransitions.h */,
				40AE16032A93A99700E14536 /* CGSRegion.h */,
				40AE16042A93A99700E14536 /* CGSWorkspace.h */,
				40AE16052A93A99700E14536 /* CGSHotKeys.h */,
				40AE16062A93A99700E14536 /* CGSAccessibility.h */,
				40AE16072A93A99700E14536 /* CGSMisc.h */,
				40AE16092A93A99700E14536 /* CGSWindow.h */,
				40AE160A2A93A99700E14536 /* CGSCursor.h */,
				40AE160C2A93A99700E14536 /* CGSDisplays.h */,
				40AE160D2A93A99700E14536 /* CGSInternal.h */,
				40AE160E2A93A99700E14536 /* CGSCIFilter.h */,
				40AE160F2A93A99700E14536 /* CGSConnection.h */,
				40AE16102A93A99700E14536 /* CGSSession.h */,
				40AE16112A93A99700E14536 /* CGSDevice.h */,
				40AE16122A93A99700E14536 /* CGSSpace.h */,
				40AE16132A93A99700E14536 /* CGSEvent.h */,
				40AE16142A93A99700E14536 /* CGSDebug.h */,
			);
			path = CGSInternal;
			sourceTree = "<group>";
		};
		942474AB17DF67D700BF9B61 = {
			isa = PBXGroup;
			children = (
				942474BE17DF67D700BF9B61 /* Silica */,
				942474B717DF67D700BF9B61 /* Frameworks */,
				942474B617DF67D700BF9B61 /* Products */,
			);
			sourceTree = "<group>";
			usesTabs = 0;
		};
		942474B617DF67D700BF9B61 /* Products */ = {
			isa = PBXGroup;
			children = (
				942474B517DF67D700BF9B61 /* Silica.framework */,
			);
			name = Products;
			sourceTree = "<group>";
		};
		942474B717DF67D700BF9B61 /* Frameworks */ = {
			isa = PBXGroup;
			children = (
				40AE162B2A93AAB900E14536 /* ApplicationServices.framework */,
				404B0FF91800EBE300309019 /* Carbon.framework */,
				942474E617DF695A00BF9B61 /* IOKit.framework */,
				942474B817DF67D700BF9B61 /* Cocoa.framework */,
				942474BA17DF67D700BF9B61 /* Other Frameworks */,
				B9247E988D3D43269A89E5D3 /* libPods.a */,
			);
			name = Frameworks;
			sourceTree = "<group>";
		};
		942474BA17DF67D700BF9B61 /* Other Frameworks */ = {
			isa = PBXGroup;
			children = (
				942474BB17DF67D700BF9B61 /* AppKit.framework */,
				942474BC17DF67D700BF9B61 /* CoreData.framework */,
				942474BD17DF67D700BF9B61 /* Foundation.framework */,
			);
			name = "Other Frameworks";
			sourceTree = "<group>";
		};
		942474BE17DF67D700BF9B61 /* Silica */ = {
			isa = PBXGroup;
			children = (
				403D9EE82A94496400F278F2 /* Silica.h */,
				40AE15FB2A93A83900E14536 /* include */,
				40AE15F62A93A46F00E14536 /* Sources */,
				942474BF17DF67D700BF9B61 /* Supporting Files */,
			);
			path = Silica;
			sourceTree = "<group>";
		};
		942474BF17DF67D700BF9B61 /* Supporting Files */ = {
			isa = PBXGroup;
			children = (
				942474C017DF67D700BF9B61 /* Silica-Info.plist */,
				942474C117DF67D700BF9B61 /* InfoPlist.strings */,
				942474C417DF67D700BF9B61 /* Silica-Prefix.pch */,
			);
			name = "Supporting Files";
			sourceTree = "<group>";
		};
/* End PBXGroup section */

/* Begin PBXHeadersBuildPhase section */
		942474B217DF67D700BF9B61 /* Headers */ = {
			isa = PBXHeadersBuildPhase;
			buildActionMask = 2147483647;
			files = (
				40AE16252A93A99700E14536 /* CGSSession.h in Headers */,
				40AE161A2A93A99700E14536 /* CGSHotKeys.h in Headers */,
				40AE16162A93A99700E14536 /* CGSSurface.h in Headers */,
				40FC6AD017FA5A1B00856CE7 /* SIAccessibilityElement.h in Headers */,
				942474D217DF690700BF9B61 /* SIWindow.h in Headers */,
				40AE16172A93A99700E14536 /* CGSTransitions.h in Headers */,
				40AE16262A93A99700E14536 /* CGSDevice.h in Headers */,
				942474D417DF690700BF9B61 /* NSScreen+Silica.h in Headers */,
				40AE16272A93A99700E14536 /* CGSSpace.h in Headers */,
				40FC6AD417FA606A00856CE7 /* NSRunningApplication+Silica.h in Headers */,
				40AE161C2A93A99700E14536 /* CGSMisc.h in Headers */,
				40AE16292A93A99700E14536 /* CGSDebug.h in Headers */,
				40AE16222A93A99700E14536 /* CGSInternal.h in Headers */,
				40AE16192A93A99700E14536 /* CGSWorkspace.h in Headers */,
				40AE16152A93A99700E14536 /* CGSTile.h in Headers */,
				40AE161B2A93A99700E14536 /* CGSAccessibility.h in Headers */,
				40AE161F2A93A99700E14536 /* CGSCursor.h in Headers */,
				40AE16242A93A99700E14536 /* CGSConnection.h in Headers */,
				403D9EE92A94496400F278F2 /* Silica.h in Headers */,
				40AE16212A93A99700E14536 /* CGSDisplays.h in Headers */,
				40AE16282A93A99700E14536 /* CGSEvent.h in Headers */,
				4063AFDA17FB937A00E942E2 /* SISystemWideElement.h in Headers */,
				40FC6ACC17FA599C00856CE7 /* SIApplication.h in Headers */,
				40AE16232A93A99700E14536 /* CGSCIFilter.h in Headers */,
				40AE16182A93A99700E14536 /* CGSRegion.h in Headers */,
				40AE161E2A93A99700E14536 /* CGSWindow.h in Headers */,
				942474E417DF693600BF9B61 /* SIUniversalAccessHelper.h in Headers */,
			);
			runOnlyForDeploymentPostprocessing = 0;
		};
/* End PBXHeadersBuildPhase section */

/* Begin PBXNativeTarget section */
		942474B417DF67D700BF9B61 /* Silica */ = {
			isa = PBXNativeTarget;
			buildConfigurationList = 942474CA17DF67D700BF9B61 /* Build configuration list for PBXNativeTarget "Silica" */;
			buildPhases = (
				942474B017DF67D700BF9B61 /* Sources */,
				942474B117DF67D700BF9B61 /* Frameworks */,
				942474B217DF67D700BF9B61 /* Headers */,
				942474B317DF67D700BF9B61 /* Resources */,
			);
			buildRules = (
			);
			dependencies = (
			);
			name = Silica;
			productName = Silica;
			productReference = 942474B517DF67D700BF9B61 /* Silica.framework */;
			productType = "com.apple.product-type.framework";
		};
/* End PBXNativeTarget section */

/* Begin PBXProject section */
		942474AC17DF67D700BF9B61 /* Project object */ = {
			isa = PBXProject;
			attributes = {
				BuildIndependentTargetsInParallel = YES;
				LastUpgradeCheck = 1430;
				ORGANIZATIONNAME = SiO2;
				TargetAttributes = {
					942474B417DF67D700BF9B61 = {
						LastSwiftMigration = 1430;
					};
				};
			};
			buildConfigurationList = 942474AF17DF67D700BF9B61 /* Build configuration list for PBXProject "Silica" */;
			compatibilityVersion = "Xcode 3.2";
			developmentRegion = en;
			hasScannedForEncodings = 0;
			knownRegions = (
				en,
				Base,
			);
			mainGroup = 942474AB17DF67D700BF9B61;
			productRefGroup = 942474B617DF67D700BF9B61 /* Products */;
			projectDirPath = "";
			projectRoot = "";
			targets = (
				942474B417DF67D700BF9B61 /* Silica */,
			);
		};
/* End PBXProject section */

/* Begin PBXResourcesBuildPhase section */
		942474B317DF67D700BF9B61 /* Resources */ = {
			isa = PBXResourcesBuildPhase;
			buildActionMask = 2147483647;
			files = (
				942474C317DF67D700BF9B61 /* InfoPlist.strings in Resources */,
			);
			runOnlyForDeploymentPostprocessing = 0;
		};
/* End PBXResourcesBuildPhase section */

/* Begin PBXSourcesBuildPhase section */
		942474B017DF67D700BF9B61 /* Sources */ = {
			isa = PBXSourcesBuildPhase;
			buildActionMask = 2147483647;
			files = (
				4063AFDB17FB937A00E942E2 /* SISystemWideElement.m in Sources */,
				40FC6AD517FA606A00856CE7 /* NSRunningApplication+Silica.m in Sources */,
				40FC6ACD17FA599C00856CE7 /* SIApplication.m in Sources */,
				40FC6AD117FA5A1B00856CE7 /* SIAccessibilityElement.m in Sources */,
				942474D317DF690700BF9B61 /* SIWindow.m in Sources */,
				942474D517DF690700BF9B61 /* NSScreen+Silica.m in Sources */,
				942474E517DF693600BF9B61 /* SIUniversalAccessHelper.m in Sources */,
			);
			runOnlyForDeploymentPostprocessing = 0;
		};
/* End PBXSourcesBuildPhase section */

/* Begin PBXVariantGroup section */
		942474C117DF67D700BF9B61 /* InfoPlist.strings */ = {
			isa = PBXVariantGroup;
			children = (
				942474C217DF67D700BF9B61 /* en */,
			);
			name = InfoPlist.strings;
			sourceTree = "<group>";
		};
/* End PBXVariantGroup section */

/* Begin XCBuildConfiguration section */
		942474C817DF67D700BF9B61 /* Debug */ = {
			isa = XCBuildConfiguration;
			buildSettings = {
				CLANG_ANALYZER_LOCALIZABILITY_NONLOCALIZED = YES;
				CLANG_CXX_LANGUAGE_STANDARD = "gnu++0x";
				CLANG_CXX_LIBRARY = "libc++";
				CLANG_ENABLE_OBJC_ARC = YES;
				CLANG_WARN_BLOCK_CAPTURE_AUTORELEASING = YES;
				CLANG_WARN_BOOL_CONVERSION = YES;
				CLANG_WARN_COMMA = YES;
				CLANG_WARN_CONSTANT_CONVERSION = YES;
				CLANG_WARN_DEPRECATED_OBJC_IMPLEMENTATIONS = YES;
				CLANG_WARN_DOCUMENTATION_COMMENTS = YES;
				CLANG_WARN_EMPTY_BODY = YES;
				CLANG_WARN_ENUM_CONVERSION = YES;
				CLANG_WARN_INFINITE_RECURSION = YES;
				CLANG_WARN_INT_CONVERSION = YES;
				CLANG_WARN_NON_LITERAL_NULL_CONVERSION = YES;
				CLANG_WARN_OBJC_IMPLICIT_RETAIN_SELF = YES;
				CLANG_WARN_OBJC_LITERAL_CONVERSION = YES;
				CLANG_WARN_QUOTED_INCLUDE_IN_FRAMEWORK_HEADER = YES;
				CLANG_WARN_RANGE_LOOP_ANALYSIS = YES;
				CLANG_WARN_STRICT_PROTOTYPES = YES;
				CLANG_WARN_SUSPICIOUS_MOVE = YES;
				CLANG_WARN_UNREACHABLE_CODE = YES;
				CLANG_WARN__DUPLICATE_METHOD_MATCH = YES;
				COPY_PHASE_STRIP = NO;
				DEAD_CODE_STRIPPING = YES;
				ENABLE_STRICT_OBJC_MSGSEND = YES;
				ENABLE_TESTABILITY = YES;
				GCC_C_LANGUAGE_STANDARD = gnu99;
				GCC_DYNAMIC_NO_PIC = NO;
				GCC_ENABLE_OBJC_EXCEPTIONS = YES;
				GCC_NO_COMMON_BLOCKS = YES;
				GCC_OPTIMIZATION_LEVEL = 0;
				GCC_PREPROCESSOR_DEFINITIONS = (
					"DEBUG=1",
					"$(inherited)",
				);
				GCC_SYMBOLS_PRIVATE_EXTERN = NO;
				GCC_WARN_64_TO_32_BIT_CONVERSION = YES;
				GCC_WARN_ABOUT_MISSING_NEWLINE = YES;
				GCC_WARN_ABOUT_RETURN_TYPE = YES;
				GCC_WARN_UNDECLARED_SELECTOR = YES;
				GCC_WARN_UNINITIALIZED_AUTOS = YES;
				GCC_WARN_UNUSED_FUNCTION = YES;
				GCC_WARN_UNUSED_VARIABLE = YES;
				MACOSX_DEPLOYMENT_TARGET = 10.8;
				ONLY_ACTIVE_ARCH = YES;
				SDKROOT = macosx;
				SWIFT_VERSION = 5.0;
			};
			name = Debug;
		};
		942474C917DF67D700BF9B61 /* Release */ = {
			isa = XCBuildConfiguration;
			buildSettings = {
				CLANG_ANALYZER_LOCALIZABILITY_NONLOCALIZED = YES;
				CLANG_CXX_LANGUAGE_STANDARD = "gnu++0x";
				CLANG_CXX_LIBRARY = "libc++";
				CLANG_ENABLE_OBJC_ARC = YES;
				CLANG_WARN_BLOCK_CAPTURE_AUTORELEASING = YES;
				CLANG_WARN_BOOL_CONVERSION = YES;
				CLANG_WARN_COMMA = YES;
				CLANG_WARN_CONSTANT_CONVERSION = YES;
				CLANG_WARN_DEPRECATED_OBJC_IMPLEMENTATIONS = YES;
				CLANG_WARN_DOCUMENTATION_COMMENTS = YES;
				CLANG_WARN_EMPTY_BODY = YES;
				CLANG_WARN_ENUM_CONVERSION = YES;
				CLANG_WARN_INFINITE_RECURSION = YES;
				CLANG_WARN_INT_CONVERSION = YES;
				CLANG_WARN_NON_LITERAL_NULL_CONVERSION = YES;
				CLANG_WARN_OBJC_IMPLICIT_RETAIN_SELF = YES;
				CLANG_WARN_OBJC_LITERAL_CONVERSION = YES;
				CLANG_WARN_QUOTED_INCLUDE_IN_FRAMEWORK_HEADER = YES;
				CLANG_WARN_RANGE_LOOP_ANALYSIS = YES;
				CLANG_WARN_STRICT_PROTOTYPES = YES;
				CLANG_WARN_SUSPICIOUS_MOVE = YES;
				CLANG_WARN_UNREACHABLE_CODE = YES;
				CLANG_WARN__DUPLICATE_METHOD_MATCH = YES;
				COPY_PHASE_STRIP = YES;
				DEAD_CODE_STRIPPING = YES;
				DEBUG_INFORMATION_FORMAT = "dwarf-with-dsym";
				ENABLE_STRICT_OBJC_MSGSEND = YES;
				GCC_C_LANGUAGE_STANDARD = gnu99;
				GCC_ENABLE_OBJC_EXCEPTIONS = YES;
				GCC_NO_COMMON_BLOCKS = YES;
				GCC_WARN_64_TO_32_BIT_CONVERSION = YES;
				GCC_WARN_ABOUT_MISSING_NEWLINE = YES;
				GCC_WARN_ABOUT_RETURN_TYPE = YES;
				GCC_WARN_UNDECLARED_SELECTOR = YES;
				GCC_WARN_UNINITIALIZED_AUTOS = YES;
				GCC_WARN_UNUSED_FUNCTION = YES;
				GCC_WARN_UNUSED_VARIABLE = YES;
				MACOSX_DEPLOYMENT_TARGET = 10.8;
				SDKROOT = macosx;
				SWIFT_COMPILATION_MODE = wholemodule;
				SWIFT_VERSION = 5.0;
			};
			name = Release;
		};
		942474CB17DF67D700BF9B61 /* Debug */ = {
			isa = XCBuildConfiguration;
			buildSettings = {
				CLANG_ENABLE_MODULES = YES;
				COMBINE_HIDPI_IMAGES = YES;
				DEAD_CODE_STRIPPING = YES;
				DEFINES_MODULE = YES;
				DYLIB_COMPATIBILITY_VERSION = 1;
				DYLIB_CURRENT_VERSION = 1;
				ENABLE_MODULE_VERIFIER = YES;
				FRAMEWORK_VERSION = A;
				GCC_PRECOMPILE_PREFIX_HEADER = YES;
				GCC_PREFIX_HEADER = "Silica/Silica-Prefix.pch";
				HEADER_SEARCH_PATHS = "Silica/Sources/**";
				INFOPLIST_FILE = "Silica/Silica-Info.plist";
				MACOSX_DEPLOYMENT_TARGET = 10.15;
				MODULE_VERIFIER_SUPPORTED_LANGUAGES = "objective-c objective-c++";
				MODULE_VERIFIER_SUPPORTED_LANGUAGE_STANDARDS = "gnu99 gnu++11";
				PRODUCT_BUNDLE_IDENTIFIER = "org.sio2.${PRODUCT_NAME:rfc1034identifier}";
				PRODUCT_NAME = "$(TARGET_NAME)";
				SWIFT_OPTIMIZATION_LEVEL = "-Onone";
				WRAPPER_EXTENSION = framework;
			};
			name = Debug;
		};
		942474CC17DF67D700BF9B61 /* Release */ = {
			isa = XCBuildConfiguration;
			buildSettings = {
				CLANG_ENABLE_MODULES = YES;
				COMBINE_HIDPI_IMAGES = YES;
				DEAD_CODE_STRIPPING = YES;
				DEFINES_MODULE = YES;
				DYLIB_COMPATIBILITY_VERSION = 1;
				DYLIB_CURRENT_VERSION = 1;
				ENABLE_MODULE_VERIFIER = YES;
				FRAMEWORK_VERSION = A;
				GCC_PRECOMPILE_PREFIX_HEADER = YES;
				GCC_PREFIX_HEADER = "Silica/Silica-Prefix.pch";
				HEADER_SEARCH_PATHS = "Silica/Sources/**";
				INFOPLIST_FILE = "Silica/Silica-Info.plist";
				MACOSX_DEPLOYMENT_TARGET = 10.15;
				MODULE_VERIFIER_SUPPORTED_LANGUAGES = "objective-c objective-c++";
				MODULE_VERIFIER_SUPPORTED_LANGUAGE_STANDARDS = "gnu99 gnu++11";
				PRODUCT_BUNDLE_IDENTIFIER = "org.sio2.${PRODUCT_NAME:rfc1034identifier}";
				PRODUCT_NAME = "$(TARGET_NAME)";
				WRAPPER_EXTENSION = framework;
			};
			name = Release;
		};
/* End XCBuildConfiguration section */

/* Begin XCConfigurationList section */
		942474AF17DF67D700BF9B61 /* Build configuration list for PBXProject "Silica" */ = {
			isa = XCConfigurationList;
			buildConfigurations = (
				942474C817DF67D700BF9B61 /* Debug */,
				942474C917DF67D700BF9B61 /* Release */,
			);
			defaultConfigurationIsVisible = 0;
			defaultConfigurationName = Release;
		};
		942474CA17DF67D700BF9B61 /* Build configuration list for PBXNativeTarget "Silica" */ = {
			isa = XCConfigurationList;
			buildConfigurations = (
				942474CB17DF67D700BF9B61 /* Debug */,
				942474CC17DF67D700BF9B61 /* Release */,
			);
			defaultConfigurationIsVisible = 0;
			defaultConfigurationName = Release;
		};
/* End XCConfigurationList section */
	};
	rootObject = 942474AC17DF67D700BF9B61 /* Project object */;
}
